
Microsoft Visual Studio Solution File, Format Version 12.00
# Visual Studio Version 17
VisualStudioVersion = 17.0.31903.59
MinimumVisualStudioVersion = 10.0.40219.1
Project("{2150E333-8FDC-42A3-9474-1A3956D46DE8}") = "src", "src", "{827E0CD3-B72D-47B6-A68D-7590B98EB39B}"
EndProject
Project("{2150E333-8FDC-42A3-9474-1A3956D46DE8}") = "AppHost", "AppHost", "{63882A7C-90E5-DEE3-63BB-E6ABDBC8A365}"
EndProject
Project("{FAE04EC0-301F-11D3-BF4B-00C04F79EFBC}") = "ECommerce.AppHost", "src\AppHost\ECommerce.AppHost.csproj", "{12175F56-ABE0-4E95-BAE6-5179B419ACF7}"
EndProject
Project("{2150E333-8FDC-42A3-9474-1A3956D46DE8}") = "ApiGateway", "ApiGateway", "{FCA01246-F2C6-0AA7-D43F-FD13BE0B9D88}"
EndProject
Project("{FAE04EC0-301F-11D3-BF4B-00C04F79EFBC}") = "ECommerce.ApiGateway", "src\ApiGateway\ECommerce.ApiGateway.csproj", "{4A519F65-46C7-4C3F-8564-0D454E3934A2}"
EndProject
Project("{2150E333-8FDC-42A3-9474-1A3956D46DE8}") = "BuildingBlocks", "BuildingBlocks", "{90298CBA-BD6F-3A0A-69D5-97CAD7B05E7E}"
EndProject
Project("{2150E333-8FDC-42A3-9474-1A3956D46DE8}") = "Common", "Common", "{F8284A3B-6172-4543-FC74-2C149A4C2E29}"
EndProject
Project("{FAE04EC0-301F-11D3-BF4B-00C04F79EFBC}") = "ECommerce.BuildingBlocks.Common", "src\BuildingBlocks\Common\ECommerce.BuildingBlocks.Common.csproj", "{417EE675-66C6-4B8D-B6F9-B81A30DEE83B}"
EndProject
Project("{2150E333-8FDC-42A3-9474-1A3956D46DE8}") = "Services", "Services", "{984BB9B3-3FA3-BE33-9484-CAC21695A33C}"
EndProject
Project("{2150E333-8FDC-42A3-9474-1A3956D46DE8}") = "User", "User", "{6792783D-ADFB-1DC9-8301-92642CD8F804}"
EndProject
Project("{FAE04EC0-301F-11D3-BF4B-00C04F79EFBC}") = "ECommerce.User.Domain", "src\Services\User\ECommerce.User.Domain\ECommerce.User.Domain.csproj", "{307668AB-3AF6-4072-A21B-958C0A49E847}"
EndProject
Project("{FAE04EC0-301F-11D3-BF4B-00C04F79EFBC}") = "ECommerce.User.Application", "src\Services\User\ECommerce.User.Application\ECommerce.User.Application.csproj", "{F02FF385-D803-4916-9631-0686761EA8A1}"
EndProject
Project("{FAE04EC0-301F-11D3-BF4B-00C04F79EFBC}") = "ECommerce.User.Infrastructure", "src\Services\User\ECommerce.User.Infrastructure\ECommerce.User.Infrastructure.csproj", "{2709DCBD-1EE8-473C-A707-924A22E3EA84}"
EndProject
Project("{FAE04EC0-301F-11D3-BF4B-00C04F79EFBC}") = "ECommerce.User.API", "src\Services\User\ECommerce.User.API\ECommerce.User.API.csproj", "{940CF8B0-09A9-4670-91CA-9DFE893FA578}"
EndProject
Project("{2150E333-8FDC-42A3-9474-1A3956D46DE8}") = "Product", "Product", "{374CED38-7421-B0F7-DFE2-3AF3B9F49E7C}"
EndProject
Project("{FAE04EC0-301F-11D3-BF4B-00C04F79EFBC}") = "ECommerce.Product.Domain", "src\Services\Product\ECommerce.Product.Domain\ECommerce.Product.Domain.csproj", "{46AAF8CB-9C4A-42D9-B8EB-664CCC7820EC}"
EndProject
Project("{FAE04EC0-301F-11D3-BF4B-00C04F79EFBC}") = "ECommerce.Product.API", "src\Services\Product\ECommerce.Product.API\ECommerce.Product.API.csproj", "{C7210D43-E627-4A02-B81F-66EFA50040AE}"
EndProject
Project("{2150E333-8FDC-42A3-9474-1A3956D46DE8}") = "Order", "Order", "{B851199A-4979-E597-3D50-97AC5992BBAF}"
EndProject
Project("{FAE04EC0-301F-11D3-BF4B-00C04F79EFBC}") = "ECommerce.Order.Domain", "src\Services\Order\ECommerce.Order.Domain\ECommerce.Order.Domain.csproj", "{1534C1DA-EBB9-4701-9128-6D9E8AE47B07}"
EndProject
Project("{FAE04EC0-301F-11D3-BF4B-00C04F79EFBC}") = "ECommerce.Order.API", "src\Services\Order\ECommerce.Order.API\ECommerce.Order.API.csproj", "{EF02F232-3BC0-41F4-AE47-266FC0C5E99C}"
EndProject
Project("{2150E333-8FDC-42A3-9474-1A3956D46DE8}") = "Payment", "Payment", "{3FB03296-F262-2760-9861-73C41AF3766C}"
EndProject
Project("{FAE04EC0-301F-11D3-BF4B-00C04F79EFBC}") = "ECommerce.Payment.Domain", "src\Services\Payment\ECommerce.Payment.Domain\ECommerce.Payment.Domain.csproj", "{BF436B14-9919-4EA7-BDB3-E6E1C38E90F7}"
EndProject
Project("{FAE04EC0-301F-11D3-BF4B-00C04F79EFBC}") = "ECommerce.Payment.API", "src\Services\Payment\ECommerce.Payment.API\ECommerce.Payment.API.csproj", "{7D31573F-6AA8-4640-B19A-25C1E0E66DEE}"
EndProject
Project("{2150E333-8FDC-42A3-9474-1A3956D46DE8}") = "Notification", "Notification", "{C5FBE174-8E0F-F5A3-B929-8BD0C55C0A32}"
EndProject
Project("{FAE04EC0-301F-11D3-BF4B-00C04F79EFBC}") = "ECommerce.Notification.API", "src\Services\Notification\ECommerce.Notification.API\ECommerce.Notification.API.csproj", "{9C617ED3-5FDF-4E8B-8617-8849AA4CA536}"
EndProject
Project("{2150E333-8FDC-42A3-9474-1A3956D46DE8}") = "File", "File", "{1B2236FB-4970-4FD5-F9B9-C7B674B67069}"
EndProject
Project("{FAE04EC0-301F-11D3-BF4B-00C04F79EFBC}") = "ECommerce.File.API", "src\Services\File\ECommerce.File.API\ECommerce.File.API.csproj", "{923861D2-7749-499D-95AE-D1BF7337929B}"
EndProject
Global
	GlobalSection(SolutionConfigurationPlatforms) = preSolution
		Debug|Any CPU = Debug|Any CPU
		Debug|x64 = Debug|x64
		Debug|x86 = Debug|x86
		Release|Any CPU = Release|Any CPU
		Release|x64 = Release|x64
		Release|x86 = Release|x86
	EndGlobalSection
	GlobalSection(ProjectConfigurationPlatforms) = postSolution
		{12175F56-ABE0-4E95-BAE6-5179B419ACF7}.Debug|Any CPU.ActiveCfg = Debug|Any CPU
		{12175F56-ABE0-4E95-BAE6-5179B419ACF7}.Debug|Any CPU.Build.0 = Debug|Any CPU
		{12175F56-ABE0-4E95-BAE6-5179B419ACF7}.Debug|x64.ActiveCfg = Debug|Any CPU
		{12175F56-ABE0-4E95-BAE6-5179B419ACF7}.Debug|x64.Build.0 = Debug|Any CPU
		{12175F56-ABE0-4E95-BAE6-5179B419ACF7}.Debug|x86.ActiveCfg = Debug|Any CPU
		{12175F56-ABE0-4E95-BAE6-5179B419ACF7}.Debug|x86.Build.0 = Debug|Any CPU
		{12175F56-ABE0-4E95-BAE6-5179B419ACF7}.Release|Any CPU.ActiveCfg = Release|Any CPU
		{12175F56-ABE0-4E95-BAE6-5179B419ACF7}.Release|Any CPU.Build.0 = Release|Any CPU
		{12175F56-ABE0-4E95-BAE6-5179B419ACF7}.Release|x64.ActiveCfg = Release|Any CPU
		{12175F56-ABE0-4E95-BAE6-5179B419ACF7}.Release|x64.Build.0 = Release|Any CPU
		{12175F56-ABE0-4E95-BAE6-5179B419ACF7}.Release|x86.ActiveCfg = Release|Any CPU
		{12175F56-ABE0-4E95-BAE6-5179B419ACF7}.Release|x86.Build.0 = Release|Any CPU
		{4A519F65-46C7-4C3F-8564-0D454E3934A2}.Debug|Any CPU.ActiveCfg = Debug|Any CPU
		{4A519F65-46C7-4C3F-8564-0D454E3934A2}.Debug|Any CPU.Build.0 = Debug|Any CPU
		{4A519F65-46C7-4C3F-8564-0D454E3934A2}.Debug|x64.ActiveCfg = Debug|Any CPU
		{4A519F65-46C7-4C3F-8564-0D454E3934A2}.Debug|x64.Build.0 = Debug|Any CPU
		{4A519F65-46C7-4C3F-8564-0D454E3934A2}.Debug|x86.ActiveCfg = Debug|Any CPU
		{4A519F65-46C7-4C3F-8564-0D454E3934A2}.Debug|x86.Build.0 = Debug|Any CPU
		{4A519F65-46C7-4C3F-8564-0D454E3934A2}.Release|Any CPU.ActiveCfg = Release|Any CPU
		{4A519F65-46C7-4C3F-8564-0D454E3934A2}.Release|Any CPU.Build.0 = Release|Any CPU
		{4A519F65-46C7-4C3F-8564-0D454E3934A2}.Release|x64.ActiveCfg = Release|Any CPU
		{4A519F65-46C7-4C3F-8564-0D454E3934A2}.Release|x64.Build.0 = Release|Any CPU
		{4A519F65-46C7-4C3F-8564-0D454E3934A2}.Release|x86.ActiveCfg = Release|Any CPU
		{4A519F65-46C7-4C3F-8564-0D454E3934A2}.Release|x86.Build.0 = Release|Any CPU
		{417EE675-66C6-4B8D-B6F9-B81A30DEE83B}.Debug|Any CPU.ActiveCfg = Debug|Any CPU
		{417EE675-66C6-4B8D-B6F9-B81A30DEE83B}.Debug|Any CPU.Build.0 = Debug|Any CPU
		{417EE675-66C6-4B8D-B6F9-B81A30DEE83B}.Debug|x64.ActiveCfg = Debug|Any CPU
		{417EE675-66C6-4B8D-B6F9-B81A30DEE83B}.Debug|x64.Build.0 = Debug|Any CPU
		{417EE675-66C6-4B8D-B6F9-B81A30DEE83B}.Debug|x86.ActiveCfg = Debug|Any CPU
		{417EE675-66C6-4B8D-B6F9-B81A30DEE83B}.Debug|x86.Build.0 = Debug|Any CPU
		{417EE675-66C6-4B8D-B6F9-B81A30DEE83B}.Release|Any CPU.ActiveCfg = Release|Any CPU
		{417EE675-66C6-4B8D-B6F9-B81A30DEE83B}.Release|Any CPU.Build.0 = Release|Any CPU
		{417EE675-66C6-4B8D-B6F9-B81A30DEE83B}.Release|x64.ActiveCfg = Release|Any CPU
		{417EE675-66C6-4B8D-B6F9-B81A30DEE83B}.Release|x64.Build.0 = Release|Any CPU
		{417EE675-66C6-4B8D-B6F9-B81A30DEE83B}.Release|x86.ActiveCfg = Release|Any CPU
		{417EE675-66C6-4B8D-B6F9-B81A30DEE83B}.Release|x86.Build.0 = Release|Any CPU
		{307668AB-3AF6-4072-A21B-958C0A49E847}.Debug|Any CPU.ActiveCfg = Debug|Any CPU
		{307668AB-3AF6-4072-A21B-958C0A49E847}.Debug|Any CPU.Build.0 = Debug|Any CPU
		{307668AB-3AF6-4072-A21B-958C0A49E847}.Debug|x64.ActiveCfg = Debug|Any CPU
		{307668AB-3AF6-4072-A21B-958C0A49E847}.Debug|x64.Build.0 = Debug|Any CPU
		{307668AB-3AF6-4072-A21B-958C0A49E847}.Debug|x86.ActiveCfg = Debug|Any CPU
		{307668AB-3AF6-4072-A21B-958C0A49E847}.Debug|x86.Build.0 = Debug|Any CPU
		{307668AB-3AF6-4072-A21B-958C0A49E847}.Release|Any CPU.ActiveCfg = Release|Any CPU
		{307668AB-3AF6-4072-A21B-958C0A49E847}.Release|Any CPU.Build.0 = Release|Any CPU
		{307668AB-3AF6-4072-A21B-958C0A49E847}.Release|x64.ActiveCfg = Release|Any CPU
		{307668AB-3AF6-4072-A21B-958C0A49E847}.Release|x64.Build.0 = Release|Any CPU
		{307668AB-3AF6-4072-A21B-958C0A49E847}.Release|x86.ActiveCfg = Release|Any CPU
		{307668AB-3AF6-4072-A21B-958C0A49E847}.Release|x86.Build.0 = Release|Any CPU
		{F02FF385-D803-4916-9631-0686761EA8A1}.Debug|Any CPU.ActiveCfg = Debug|Any CPU
		{F02FF385-D803-4916-9631-0686761EA8A1}.Debug|Any CPU.Build.0 = Debug|Any CPU
		{F02FF385-D803-4916-9631-0686761EA8A1}.Debug|x64.ActiveCfg = Debug|Any CPU
		{F02FF385-D803-4916-9631-0686761EA8A1}.Debug|x64.Build.0 = Debug|Any CPU
		{F02FF385-D803-4916-9631-0686761EA8A1}.Debug|x86.ActiveCfg = Debug|Any CPU
		{F02FF385-D803-4916-9631-0686761EA8A1}.Debug|x86.Build.0 = Debug|Any CPU
		{F02FF385-D803-4916-9631-0686761EA8A1}.Release|Any CPU.ActiveCfg = Release|Any CPU
		{F02FF385-D803-4916-9631-0686761EA8A1}.Release|Any CPU.Build.0 = Release|Any CPU
		{F02FF385-D803-4916-9631-0686761EA8A1}.Release|x64.ActiveCfg = Release|Any CPU
		{F02FF385-D803-4916-9631-0686761EA8A1}.Release|x64.Build.0 = Release|Any CPU
		{F02FF385-D803-4916-9631-0686761EA8A1}.Release|x86.ActiveCfg = Release|Any CPU
		{F02FF385-D803-4916-9631-0686761EA8A1}.Release|x86.Build.0 = Release|Any CPU
		{2709DCBD-1EE8-473C-A707-924A22E3EA84}.Debug|Any CPU.ActiveCfg = Debug|Any CPU
		{2709DCBD-1EE8-473C-A707-924A22E3EA84}.Debug|Any CPU.Build.0 = Debug|Any CPU
		{2709DCBD-1EE8-473C-A707-924A22E3EA84}.Debug|x64.ActiveCfg = Debug|Any CPU
		{2709DCBD-1EE8-473C-A707-924A22E3EA84}.Debug|x64.Build.0 = Debug|Any CPU
		{2709DCBD-1EE8-473C-A707-924A22E3EA84}.Debug|x86.ActiveCfg = Debug|Any CPU
		{2709DCBD-1EE8-473C-A707-924A22E3EA84}.Debug|x86.Build.0 = Debug|Any CPU
		{2709DCBD-1EE8-473C-A707-924A22E3EA84}.Release|Any CPU.ActiveCfg = Release|Any CPU
		{2709DCBD-1EE8-473C-A707-924A22E3EA84}.Release|Any CPU.Build.0 = Release|Any CPU
		{2709DCBD-1EE8-473C-A707-924A22E3EA84}.Release|x64.ActiveCfg = Release|Any CPU
		{2709DCBD-1EE8-473C-A707-924A22E3EA84}.Release|x64.Build.0 = Release|Any CPU
		{2709DCBD-1EE8-473C-A707-924A22E3EA84}.Release|x86.ActiveCfg = Release|Any CPU
		{2709DCBD-1EE8-473C-A707-924A22E3EA84}.Release|x86.Build.0 = Release|Any CPU
		{940CF8B0-09A9-4670-91CA-9DFE893FA578}.Debug|Any CPU.ActiveCfg = Debug|Any CPU
		{940CF8B0-09A9-4670-91CA-9DFE893FA578}.Debug|Any CPU.Build.0 = Debug|Any CPU
		{940CF8B0-09A9-4670-91CA-9DFE893FA578}.Debug|x64.ActiveCfg = Debug|Any CPU
		{940CF8B0-09A9-4670-91CA-9DFE893FA578}.Debug|x64.Build.0 = Debug|Any CPU
		{940CF8B0-09A9-4670-91CA-9DFE893FA578}.Debug|x86.ActiveCfg = Debug|Any CPU
		{940CF8B0-09A9-4670-91CA-9DFE893FA578}.Debug|x86.Build.0 = Debug|Any CPU
		{940CF8B0-09A9-4670-91CA-9DFE893FA578}.Release|Any CPU.ActiveCfg = Release|Any CPU
		{940CF8B0-09A9-4670-91CA-9DFE893FA578}.Release|Any CPU.Build.0 = Release|Any CPU
		{940CF8B0-09A9-4670-91CA-9DFE893FA578}.Release|x64.ActiveCfg = Release|Any CPU
		{940CF8B0-09A9-4670-91CA-9DFE893FA578}.Release|x64.Build.0 = Release|Any CPU
		{940CF8B0-09A9-4670-91CA-9DFE893FA578}.Release|x86.ActiveCfg = Release|Any CPU
		{940CF8B0-09A9-4670-91CA-9DFE893FA578}.Release|x86.Build.0 = Release|Any CPU
		{46AAF8CB-9C4A-42D9-B8EB-664CCC7820EC}.Debug|Any CPU.ActiveCfg = Debug|Any CPU
		{46AAF8CB-9C4A-42D9-B8EB-664CCC7820EC}.Debug|Any CPU.Build.0 = Debug|Any CPU
		{46AAF8CB-9C4A-42D9-B8EB-664CCC7820EC}.Debug|x64.ActiveCfg = Debug|Any CPU
		{46AAF8CB-9C4A-42D9-B8EB-664CCC7820EC}.Debug|x64.Build.0 = Debug|Any CPU
		{46AAF8CB-9C4A-42D9-B8EB-664CCC7820EC}.Debug|x86.ActiveCfg = Debug|Any CPU
		{46AAF8CB-9C4A-42D9-B8EB-664CCC7820EC}.Debug|x86.Build.0 = Debug|Any CPU
		{46AAF8CB-9C4A-42D9-B8EB-664CCC7820EC}.Release|Any CPU.ActiveCfg = Release|Any CPU
		{46AAF8CB-9C4A-42D9-B8EB-664CCC7820EC}.Release|Any CPU.Build.0 = Release|Any CPU
		{46AAF8CB-9C4A-42D9-B8EB-664CCC7820EC}.Release|x64.ActiveCfg = Release|Any CPU
		{46AAF8CB-9C4A-42D9-B8EB-664CCC7820EC}.Release|x64.Build.0 = Release|Any CPU
		{46AAF8CB-9C4A-42D9-B8EB-664CCC7820EC}.Release|x86.ActiveCfg = Release|Any CPU
		{46AAF8CB-9C4A-42D9-B8EB-664CCC7820EC}.Release|x86.Build.0 = Release|Any CPU
		{C7210D43-E627-4A02-B81F-66EFA50040AE}.Debug|Any CPU.ActiveCfg = Debug|Any CPU
		{C7210D43-E627-4A02-B81F-66EFA50040AE}.Debug|Any CPU.Build.0 = Debug|Any CPU
		{C7210D43-E627-4A02-B81F-66EFA50040AE}.Debug|x64.ActiveCfg = Debug|Any CPU
		{C7210D43-E627-4A02-B81F-66EFA50040AE}.Debug|x64.Build.0 = Debug|Any CPU
		{C7210D43-E627-4A02-B81F-66EFA50040AE}.Debug|x86.ActiveCfg = Debug|Any CPU
		{C7210D43-E627-4A02-B81F-66EFA50040AE}.Debug|x86.Build.0 = Debug|Any CPU
		{C7210D43-E627-4A02-B81F-66EFA50040AE}.Release|Any CPU.ActiveCfg = Release|Any CPU
		{C7210D43-E627-4A02-B81F-66EFA50040AE}.Release|Any CPU.Build.0 = Release|Any CPU
		{C7210D43-E627-4A02-B81F-66EFA50040AE}.Release|x64.ActiveCfg = Release|Any CPU
		{C7210D43-E627-4A02-B81F-66EFA50040AE}.Release|x64.Build.0 = Release|Any CPU
		{C7210D43-E627-4A02-B81F-66EFA50040AE}.Release|x86.ActiveCfg = Release|Any CPU
		{C7210D43-E627-4A02-B81F-66EFA50040AE}.Release|x86.Build.0 = Release|Any CPU
		{1534C1DA-EBB9-4701-9128-6D9E8AE47B07}.Debug|Any CPU.ActiveCfg = Debug|Any CPU
		{1534C1DA-EBB9-4701-9128-6D9E8AE47B07}.Debug|Any CPU.Build.0 = Debug|Any CPU
		{1534C1DA-EBB9-4701-9128-6D9E8AE47B07}.Debug|x64.ActiveCfg = Debug|Any CPU
		{1534C1DA-EBB9-4701-9128-6D9E8AE47B07}.Debug|x64.Build.0 = Debug|Any CPU
		{1534C1DA-EBB9-4701-9128-6D9E8AE47B07}.Debug|x86.ActiveCfg = Debug|Any CPU
		{1534C1DA-EBB9-4701-9128-6D9E8AE47B07}.Debug|x86.Build.0 = Debug|Any CPU
		{1534C1DA-EBB9-4701-9128-6D9E8AE47B07}.Release|Any CPU.ActiveCfg = Release|Any CPU
		{1534C1DA-EBB9-4701-9128-6D9E8AE47B07}.Release|Any CPU.Build.0 = Release|Any CPU
		{1534C1DA-EBB9-4701-9128-6D9E8AE47B07}.Release|x64.ActiveCfg = Release|Any CPU
		{1534C1DA-EBB9-4701-9128-6D9E8AE47B07}.Release|x64.Build.0 = Release|Any CPU
		{1534C1DA-EBB9-4701-9128-6D9E8AE47B07}.Release|x86.ActiveCfg = Release|Any CPU
		{1534C1DA-EBB9-4701-9128-6D9E8AE47B07}.Release|x86.Build.0 = Release|Any CPU
		{EF02F232-3BC0-41F4-AE47-266FC0C5E99C}.Debug|Any CPU.ActiveCfg = Debug|Any CPU
		{EF02F232-3BC0-41F4-AE47-266FC0C5E99C}.Debug|Any CPU.Build.0 = Debug|Any CPU
		{EF02F232-3BC0-41F4-AE47-266FC0C5E99C}.Debug|x64.ActiveCfg = Debug|Any CPU
		{EF02F232-3BC0-41F4-AE47-266FC0C5E99C}.Debug|x64.Build.0 = Debug|Any CPU
		{EF02F232-3BC0-41F4-AE47-266FC0C5E99C}.Debug|x86.ActiveCfg = Debug|Any CPU
		{EF02F232-3BC0-41F4-AE47-266FC0C5E99C}.Debug|x86.Build.0 = Debug|Any CPU
		{EF02F232-3BC0-41F4-AE47-266FC0C5E99C}.Release|Any CPU.ActiveCfg = Release|Any CPU
		{EF02F232-3BC0-41F4-AE47-266FC0C5E99C}.Release|Any CPU.Build.0 = Release|Any CPU
		{EF02F232-3BC0-41F4-AE47-266FC0C5E99C}.Release|x64.ActiveCfg = Release|Any CPU
		{EF02F232-3BC0-41F4-AE47-266FC0C5E99C}.Release|x64.Build.0 = Release|Any CPU
		{EF02F232-3BC0-41F4-AE47-266FC0C5E99C}.Release|x86.ActiveCfg = Release|Any CPU
		{EF02F232-3BC0-41F4-AE47-266FC0C5E99C}.Release|x86.Build.0 = Release|Any CPU
		{BF436B14-9919-4EA7-BDB3-E6E1C38E90F7}.Debug|Any CPU.ActiveCfg = Debug|Any CPU
		{BF436B14-9919-4EA7-BDB3-E6E1C38E90F7}.Debug|Any CPU.Build.0 = Debug|Any CPU
		{BF436B14-9919-4EA7-BDB3-E6E1C38E90F7}.Debug|x64.ActiveCfg = Debug|Any CPU
		{BF436B14-9919-4EA7-BDB3-E6E1C38E90F7}.Debug|x64.Build.0 = Debug|Any CPU
		{BF436B14-9919-4EA7-BDB3-E6E1C38E90F7}.Debug|x86.ActiveCfg = Debug|Any CPU
		{BF436B14-9919-4EA7-BDB3-E6E1C38E90F7}.Debug|x86.Build.0 = Debug|Any CPU
		{BF436B14-9919-4EA7-BDB3-E6E1C38E90F7}.Release|Any CPU.ActiveCfg = Release|Any CPU
		{BF436B14-9919-4EA7-BDB3-E6E1C38E90F7}.Release|Any CPU.Build.0 = Release|Any CPU
		{BF436B14-9919-4EA7-BDB3-E6E1C38E90F7}.Release|x64.ActiveCfg = Release|Any CPU
		{BF436B14-9919-4EA7-BDB3-E6E1C38E90F7}.Release|x64.Build.0 = Release|Any CPU
		{BF436B14-9919-4EA7-BDB3-E6E1C38E90F7}.Release|x86.ActiveCfg = Release|Any CPU
		{BF436B14-9919-4EA7-BDB3-E6E1C38E90F7}.Release|x86.Build.0 = Release|Any CPU
		{7D31573F-6AA8-4640-B19A-25C1E0E66DEE}.Debug|Any CPU.ActiveCfg = Debug|Any CPU
		{7D31573F-6AA8-4640-B19A-25C1E0E66DEE}.Debug|Any CPU.Build.0 = Debug|Any CPU
		{7D31573F-6AA8-4640-B19A-25C1E0E66DEE}.Debug|x64.ActiveCfg = Debug|Any CPU
		{7D31573F-6AA8-4640-B19A-25C1E0E66DEE}.Debug|x64.Build.0 = Debug|Any CPU
		{7D31573F-6AA8-4640-B19A-25C1E0E66DEE}.Debug|x86.ActiveCfg = Debug|Any CPU
		{7D31573F-6AA8-4640-B19A-25C1E0E66DEE}.Debug|x86.Build.0 = Debug|Any CPU
		{7D31573F-6AA8-4640-B19A-25C1E0E66DEE}.Release|Any CPU.ActiveCfg = Release|Any CPU
		{7D31573F-6AA8-4640-B19A-25C1E0E66DEE}.Release|Any CPU.Build.0 = Release|Any CPU
		{7D31573F-6AA8-4640-B19A-25C1E0E66DEE}.Release|x64.ActiveCfg = Release|Any CPU
		{7D31573F-6AA8-4640-B19A-25C1E0E66DEE}.Release|x64.Build.0 = Release|Any CPU
		{7D31573F-6AA8-4640-B19A-25C1E0E66DEE}.Release|x86.ActiveCfg = Release|Any CPU
		{7D31573F-6AA8-4640-B19A-25C1E0E66DEE}.Release|x86.Build.0 = Release|Any CPU
		{9C617ED3-5FDF-4E8B-8617-8849AA4CA536}.Debug|Any CPU.ActiveCfg = Debug|Any CPU
		{9C617ED3-5FDF-4E8B-8617-8849AA4CA536}.Debug|Any CPU.Build.0 = Debug|Any CPU
		{9C617ED3-5FDF-4E8B-8617-8849AA4CA536}.Debug|x64.ActiveCfg = Debug|Any CPU
		{9C617ED3-5FDF-4E8B-8617-8849AA4CA536}.Debug|x64.Build.0 = Debug|Any CPU
		{9C617ED3-5FDF-4E8B-8617-8849AA4CA536}.Debug|x86.ActiveCfg = Debug|Any CPU
		{9C617ED3-5FDF-4E8B-8617-8849AA4CA536}.Debug|x86.Build.0 = Debug|Any CPU
		{9C617ED3-5FDF-4E8B-8617-8849AA4CA536}.Release|Any CPU.ActiveCfg = Release|Any CPU
		{9C617ED3-5FDF-4E8B-8617-8849AA4CA536}.Release|Any CPU.Build.0 = Release|Any CPU
		{9C617ED3-5FDF-4E8B-8617-8849AA4CA536}.Release|x64.ActiveCfg = Release|Any CPU
		{9C617ED3-5FDF-4E8B-8617-8849AA4CA536}.Release|x64.Build.0 = Release|Any CPU
		{9C617ED3-5FDF-4E8B-8617-8849AA4CA536}.Release|x86.ActiveCfg = Release|Any CPU
		{9C617ED3-5FDF-4E8B-8617-8849AA4CA536}.Release|x86.Build.0 = Release|Any CPU
		{923861D2-7749-499D-95AE-D1BF7337929B}.Debug|Any CPU.ActiveCfg = Debug|Any CPU
		{923861D2-7749-499D-95AE-D1BF7337929B}.Debug|Any CPU.Build.0 = Debug|Any CPU
		{923861D2-7749-499D-95AE-D1BF7337929B}.Debug|x64.ActiveCfg = Debug|Any CPU
		{923861D2-7749-499D-95AE-D1BF7337929B}.Debug|x64.Build.0 = Debug|Any CPU
		{923861D2-7749-499D-95AE-D1BF7337929B}.Debug|x86.ActiveCfg = Debug|Any CPU
		{923861D2-7749-499D-95AE-D1BF7337929B}.Debug|x86.Build.0 = Debug|Any CPU
		{923861D2-7749-499D-95AE-D1BF7337929B}.Release|Any CPU.ActiveCfg = Release|Any CPU
		{923861D2-7749-499D-95AE-D1BF7337929B}.Release|Any CPU.Build.0 = Release|Any CPU
		{923861D2-7749-499D-95AE-D1BF7337929B}.Release|x64.ActiveCfg = Release|Any CPU
		{923861D2-7749-499D-95AE-D1BF7337929B}.Release|x64.Build.0 = Release|Any CPU
		{923861D2-7749-499D-95AE-D1BF7337929B}.Release|x86.ActiveCfg = Release|Any CPU
		{923861D2-7749-499D-95AE-D1BF7337929B}.Release|x86.Build.0 = Release|Any CPU
	EndGlobalSection
	GlobalSection(SolutionProperties) = preSolution
		HideSolutionNode = FALSE
	EndGlobalSection
	GlobalSection(NestedProjects) = preSolution
		{63882A7C-90E5-DEE3-63BB-E6ABDBC8A365} = {827E0CD3-B72D-47B6-A68D-7590B98EB39B}
		{12175F56-ABE0-4E95-BAE6-5179B419ACF7} = {63882A7C-90E5-DEE3-63BB-E6ABDBC8A365}
		{FCA01246-F2C6-0AA7-D43F-FD13BE0B9D88} = {827E0CD3-B72D-47B6-A68D-7590B98EB39B}
		{4A519F65-46C7-4C3F-8564-0D454E3934A2} = {FCA01246-F2C6-0AA7-D43F-FD13BE0B9D88}
		{90298CBA-BD6F-3A0A-69D5-97CAD7B05E7E} = {827E0CD3-B72D-47B6-A68D-7590B98EB39B}
		{F8284A3B-6172-4543-FC74-2C149A4C2E29} = {90298CBA-BD6F-3A0A-69D5-97CAD7B05E7E}
		{417EE675-66C6-4B8D-B6F9-B81A30DEE83B} = {F8284A3B-6172-4543-FC74-2C149A4C2E29}
		{984BB9B3-3FA3-BE33-9484-CAC21695A33C} = {827E0CD3-B72D-47B6-A68D-7590B98EB39B}
		{6792783D-ADFB-1DC9-8301-92642CD8F804} = {984BB9B3-3FA3-BE33-9484-CAC21695A33C}
		{307668AB-3AF6-4072-A21B-958C0A49E847} = {6792783D-ADFB-1DC9-8301-92642CD8F804}
		{F02FF385-D803-4916-9631-0686761EA8A1} = {6792783D-ADFB-1DC9-8301-92642CD8F804}
		{2709DCBD-1EE8-473C-A707-924A22E3EA84} = {6792783D-ADFB-1DC9-8301-92642CD8F804}
		{940CF8B0-09A9-4670-91CA-9DFE893FA578} = {6792783D-ADFB-1DC9-8301-92642CD8F804}
		{374CED38-7421-B0F7-DFE2-3AF3B9F49E7C} = {984BB9B3-3FA3-BE33-9484-CAC21695A33C}
		{46AAF8CB-9C4A-42D9-B8EB-664CCC7820EC} = {374CED38-7421-B0F7-DFE2-3AF3B9F49E7C}
		{C7210D43-E627-4A02-B81F-66EFA50040AE} = {374CED38-7421-B0F7-DFE2-3AF3B9F49E7C}
		{B851199A-4979-E597-3D50-97AC5992BBAF} = {984BB9B3-3FA3-BE33-9484-CAC21695A33C}
		{1534C1DA-EBB9-4701-9128-6D9E8AE47B07} = {B851199A-4979-E597-3D50-97AC5992BBAF}
		{EF02F232-3BC0-41F4-AE47-266FC0C5E99C} = {B851199A-4979-E597-3D50-97AC5992BBAF}
		{3FB03296-F262-2760-9861-73C41AF3766C} = {984BB9B3-3FA3-BE33-9484-CAC21695A33C}
		{BF436B14-9919-4EA7-BDB3-E6E1C38E90F7} = {3FB03296-F262-2760-9861-73C41AF3766C}
		{7D31573F-6AA8-4640-B19A-25C1E0E66DEE} = {3FB03296-F262-2760-9861-73C41AF3766C}
		{C5FBE174-8E0F-F5A3-B929-8BD0C55C0A32} = {984BB9B3-3FA3-BE33-9484-CAC21695A33C}
		{9C617ED3-5FDF-4E8B-8617-8849AA4CA536} = {C5FBE174-8E0F-F5A3-B929-8BD0C55C0A32}
		{1B2236FB-4970-4FD5-F9B9-C7B674B67069} = {984BB9B3-3FA3-BE33-9484-CAC21695A33C}
		{923861D2-7749-499D-95AE-D1BF7337929B} = {1B2236FB-4970-4FD5-F9B9-C7B674B67069}
	EndGlobalSection
EndGlobal
