Microsoft Visual Studio Solution File, Format Version 12.00
# Visual Studio Version 17
VisualStudioVersion = 17.8.0
MinimumVisualStudioVersion = 10.0.40219.1

Project("{2150E333-8FDC-42A3-9474-1A3956D46DE8}") = "src", "src", "{A1B2C3D4-E5F6-7890-ABCD-123456789012}"
EndProject

Project("{2150E333-8FDC-42A3-9474-1A3956D46DE8}") = "Services", "Services", "{B2C3D4E5-F6G7-8901-BCDE-234567890123}"
EndProject

Project("{2150E333-8FDC-42A3-9474-1A3956D46DE8}") = "BuildingBlocks", "BuildingBlocks", "{C3D4E5F6-G7H8-9012-CDEF-345678901234}"
EndProject

Project("{2150E333-8FDC-42A3-9474-1A3956D46DE8}") = "tests", "tests", "{D4E5F6G7-H8I9-0123-DEF0-456789012345}"
EndProject

# AppHost - Aspire Orchestration
Project("{9A19103F-16F7-4668-BE54-9A1E7A4F7556}") = "ECommerce.AppHost", "src\AppHost\ECommerce.AppHost.csproj", "{E5F6G7H8-I9J0-1234-EF01-567890123456}"
EndProject

# API Gateway
Project("{9A19103F-16F7-4668-BE54-9A1E7A4F7556}") = "ECommerce.ApiGateway", "src\ApiGateway\ECommerce.ApiGateway.csproj", "{F6G7H8I9-J0K1-2345-F012-678901234567}"
EndProject

# Microservices
Project("{9A19103F-16F7-4668-BE54-9A1E7A4F7556}") = "ECommerce.User.API", "src\Services\User\ECommerce.User.API\ECommerce.User.API.csproj", "{G7H8I9J0-K1L2-3456-0123-789012345678}"
EndProject

Project("{9A19103F-16F7-4668-BE54-9A1E7A4F7556}") = "ECommerce.User.Application", "src\Services\User\ECommerce.User.Application\ECommerce.User.Application.csproj", "{H8I9J0K1-L2M3-4567-1234-890123456789}"
EndProject

Project("{9A19103F-16F7-4668-BE54-9A1E7A4F7556}") = "ECommerce.User.Domain", "src\Services\User\ECommerce.User.Domain\ECommerce.User.Domain.csproj", "{I9J0K1L2-M3N4-5678-2345-901234567890}"
EndProject

Project("{9A19103F-16F7-4668-BE54-9A1E7A4F7556}") = "ECommerce.User.Infrastructure", "src\Services\User\ECommerce.User.Infrastructure\ECommerce.User.Infrastructure.csproj", "{J0K1L2M3-N4O5-6789-3456-012345678901}"
EndProject

Project("{9A19103F-16F7-4668-BE54-9A1E7A4F7556}") = "ECommerce.Product.API", "src\Services\Product\ECommerce.Product.API\ECommerce.Product.API.csproj", "{K1L2M3N4-O5P6-7890-4567-123456789012}"
EndProject

Project("{9A19103F-16F7-4668-BE54-9A1E7A4F7556}") = "ECommerce.Product.Application", "src\Services\Product\ECommerce.Product.Application\ECommerce.Product.Application.csproj", "{L2M3N4O5-P6Q7-8901-5678-234567890123}"
EndProject

Project("{9A19103F-16F7-4668-BE54-9A1E7A4F7556}") = "ECommerce.Product.Domain", "src\Services\Product\ECommerce.Product.Domain\ECommerce.Product.Domain.csproj", "{M3N4O5P6-Q7R8-9012-6789-345678901234}"
EndProject

Project("{9A19103F-16F7-4668-BE54-9A1E7A4F7556}") = "ECommerce.Product.Infrastructure", "src\Services\Product\ECommerce.Product.Infrastructure\ECommerce.Product.Infrastructure.csproj", "{N4O5P6Q7-R8S9-0123-7890-456789012345}"
EndProject

Project("{9A19103F-16F7-4668-BE54-9A1E7A4F7556}") = "ECommerce.Order.API", "src\Services\Order\ECommerce.Order.API\ECommerce.Order.API.csproj", "{O5P6Q7R8-S9T0-1234-8901-567890123456}"
EndProject

Project("{9A19103F-16F7-4668-BE54-9A1E7A4F7556}") = "ECommerce.Order.Application", "src\Services\Order\ECommerce.Order.Application\ECommerce.Order.Application.csproj", "{P6Q7R8S9-T0U1-2345-9012-678901234567}"
EndProject

Project("{9A19103F-16F7-4668-BE54-9A1E7A4F7556}") = "ECommerce.Order.Domain", "src\Services\Order\ECommerce.Order.Domain\ECommerce.Order.Domain.csproj", "{Q7R8S9T0-U1V2-3456-0123-789012345678}"
EndProject

Project("{9A19103F-16F7-4668-BE54-9A1E7A4F7556}") = "ECommerce.Order.Infrastructure", "src\Services\Order\ECommerce.Order.Infrastructure\ECommerce.Order.Infrastructure.csproj", "{R8S9T0U1-V2W3-4567-1234-890123456789}"
EndProject

Project("{9A19103F-16F7-4668-BE54-9A1E7A4F7556}") = "ECommerce.Payment.API", "src\Services\Payment\ECommerce.Payment.API\ECommerce.Payment.API.csproj", "{S9T0U1V2-W3X4-5678-2345-901234567890}"
EndProject

Project("{9A19103F-16F7-4668-BE54-9A1E7A4F7556}") = "ECommerce.Payment.Application", "src\Services\Payment\ECommerce.Payment.Application\ECommerce.Payment.Application.csproj", "{T0U1V2W3-X4Y5-6789-3456-012345678901}"
EndProject

Project("{9A19103F-16F7-4668-BE54-9A1E7A4F7556}") = "ECommerce.Payment.Domain", "src\Services\Payment\ECommerce.Payment.Domain\ECommerce.Payment.Domain.csproj", "{U1V2W3X4-Y5Z6-7890-4567-123456789012}"
EndProject

Project("{9A19103F-16F7-4668-BE54-9A1E7A4F7556}") = "ECommerce.Payment.Infrastructure", "src\Services\Payment\ECommerce.Payment.Infrastructure\ECommerce.Payment.Infrastructure.csproj", "{V2W3X4Y5-Z6A7-8901-5678-234567890123}"
EndProject

Project("{9A19103F-16F7-4668-BE54-9A1E7A4F7556}") = "ECommerce.Notification.API", "src\Services\Notification\ECommerce.Notification.API\ECommerce.Notification.API.csproj", "{W3X4Y5Z6-A7B8-9012-6789-345678901234}"
EndProject

Project("{9A19103F-16F7-4668-BE54-9A1E7A4F7556}") = "ECommerce.File.API", "src\Services\File\ECommerce.File.API\ECommerce.File.API.csproj", "{X4Y5Z6A7-B8C9-0123-7890-456789012345}"
EndProject

# Building Blocks
Project("{9A19103F-16F7-4668-BE54-9A1E7A4F7556}") = "ECommerce.BuildingBlocks.Common", "src\BuildingBlocks\Common\ECommerce.BuildingBlocks.Common.csproj", "{Y5Z6A7B8-C9D0-1234-8901-567890123456}"
EndProject

Project("{9A19103F-16F7-4668-BE54-9A1E7A4F7556}") = "ECommerce.BuildingBlocks.EventBus", "src\BuildingBlocks\EventBus\ECommerce.BuildingBlocks.EventBus.csproj", "{Z6A7B8C9-D0E1-2345-9012-678901234567}"
EndProject

Project("{9A19103F-16F7-4668-BE54-9A1E7A4F7556}") = "ECommerce.BuildingBlocks.Security", "src\BuildingBlocks\Security\ECommerce.BuildingBlocks.Security.csproj", "{A7B8C9D0-E1F2-3456-0123-789012345678}"
EndProject

Global
	GlobalSection(SolutionConfigurationPlatforms) = preSolution
		Debug|Any CPU = Debug|Any CPU
		Release|Any CPU = Release|Any CPU
	EndGlobalSection
	GlobalSection(ProjectConfigurationPlatforms) = postSolution
		{E5F6G7H8-I9J0-1234-EF01-567890123456}.Debug|Any CPU.ActiveCfg = Debug|Any CPU
		{E5F6G7H8-I9J0-1234-EF01-567890123456}.Debug|Any CPU.Build.0 = Debug|Any CPU
		{E5F6G7H8-I9J0-1234-EF01-567890123456}.Release|Any CPU.ActiveCfg = Release|Any CPU
		{E5F6G7H8-I9J0-1234-EF01-567890123456}.Release|Any CPU.Build.0 = Release|Any CPU
		{F6G7H8I9-J0K1-2345-F012-678901234567}.Debug|Any CPU.ActiveCfg = Debug|Any CPU
		{F6G7H8I9-J0K1-2345-F012-678901234567}.Debug|Any CPU.Build.0 = Debug|Any CPU
		{F6G7H8I9-J0K1-2345-F012-678901234567}.Release|Any CPU.ActiveCfg = Release|Any CPU
		{F6G7H8I9-J0K1-2345-F012-678901234567}.Release|Any CPU.Build.0 = Release|Any CPU
		{G7H8I9J0-K1L2-3456-0123-789012345678}.Debug|Any CPU.ActiveCfg = Debug|Any CPU
		{G7H8I9J0-K1L2-3456-0123-789012345678}.Debug|Any CPU.Build.0 = Debug|Any CPU
		{G7H8I9J0-K1L2-3456-0123-789012345678}.Release|Any CPU.ActiveCfg = Release|Any CPU
		{G7H8I9J0-K1L2-3456-0123-789012345678}.Release|Any CPU.Build.0 = Release|Any CPU
		{H8I9J0K1-L2M3-4567-1234-890123456789}.Debug|Any CPU.ActiveCfg = Debug|Any CPU
		{H8I9J0K1-L2M3-4567-1234-890123456789}.Debug|Any CPU.Build.0 = Debug|Any CPU
		{H8I9J0K1-L2M3-4567-1234-890123456789}.Release|Any CPU.ActiveCfg = Release|Any CPU
		{H8I9J0K1-L2M3-4567-1234-890123456789}.Release|Any CPU.Build.0 = Release|Any CPU
		{I9J0K1L2-M3N4-5678-2345-901234567890}.Debug|Any CPU.ActiveCfg = Debug|Any CPU
		{I9J0K1L2-M3N4-5678-2345-901234567890}.Debug|Any CPU.Build.0 = Debug|Any CPU
		{I9J0K1L2-M3N4-5678-2345-901234567890}.Release|Any CPU.ActiveCfg = Release|Any CPU
		{I9J0K1L2-M3N4-5678-2345-901234567890}.Release|Any CPU.Build.0 = Release|Any CPU
		{J0K1L2M3-N4O5-6789-3456-012345678901}.Debug|Any CPU.ActiveCfg = Debug|Any CPU
		{J0K1L2M3-N4O5-6789-3456-012345678901}.Debug|Any CPU.Build.0 = Debug|Any CPU
		{J0K1L2M3-N4O5-6789-3456-012345678901}.Release|Any CPU.ActiveCfg = Release|Any CPU
		{J0K1L2M3-N4O5-6789-3456-012345678901}.Release|Any CPU.Build.0 = Release|Any CPU
		{K1L2M3N4-O5P6-7890-4567-123456789012}.Debug|Any CPU.ActiveCfg = Debug|Any CPU
		{K1L2M3N4-O5P6-7890-4567-123456789012}.Debug|Any CPU.Build.0 = Debug|Any CPU
		{K1L2M3N4-O5P6-7890-4567-123456789012}.Release|Any CPU.ActiveCfg = Release|Any CPU
		{K1L2M3N4-O5P6-7890-4567-123456789012}.Release|Any CPU.Build.0 = Release|Any CPU
		{L2M3N4O5-P6Q7-8901-5678-234567890123}.Debug|Any CPU.ActiveCfg = Debug|Any CPU
		{L2M3N4O5-P6Q7-8901-5678-234567890123}.Debug|Any CPU.Build.0 = Debug|Any CPU
		{L2M3N4O5-P6Q7-8901-5678-234567890123}.Release|Any CPU.ActiveCfg = Release|Any CPU
		{L2M3N4O5-P6Q7-8901-5678-234567890123}.Release|Any CPU.Build.0 = Release|Any CPU
		{M3N4O5P6-Q7R8-9012-6789-345678901234}.Debug|Any CPU.ActiveCfg = Debug|Any CPU
		{M3N4O5P6-Q7R8-9012-6789-345678901234}.Debug|Any CPU.Build.0 = Debug|Any CPU
		{M3N4O5P6-Q7R8-9012-6789-345678901234}.Release|Any CPU.ActiveCfg = Release|Any CPU
		{M3N4O5P6-Q7R8-9012-6789-345678901234}.Release|Any CPU.Build.0 = Release|Any CPU
		{N4O5P6Q7-R8S9-0123-7890-456789012345}.Debug|Any CPU.ActiveCfg = Debug|Any CPU
		{N4O5P6Q7-R8S9-0123-7890-456789012345}.Debug|Any CPU.Build.0 = Debug|Any CPU
		{N4O5P6Q7-R8S9-0123-7890-456789012345}.Release|Any CPU.ActiveCfg = Release|Any CPU
		{N4O5P6Q7-R8S9-0123-7890-456789012345}.Release|Any CPU.Build.0 = Release|Any CPU
		{O5P6Q7R8-S9T0-1234-8901-567890123456}.Debug|Any CPU.ActiveCfg = Debug|Any CPU
		{O5P6Q7R8-S9T0-1234-8901-567890123456}.Debug|Any CPU.Build.0 = Debug|Any CPU
		{O5P6Q7R8-S9T0-1234-8901-567890123456}.Release|Any CPU.ActiveCfg = Release|Any CPU
		{O5P6Q7R8-S9T0-1234-8901-567890123456}.Release|Any CPU.Build.0 = Release|Any CPU
		{P6Q7R8S9-T0U1-2345-9012-678901234567}.Debug|Any CPU.ActiveCfg = Debug|Any CPU
		{P6Q7R8S9-T0U1-2345-9012-678901234567}.Debug|Any CPU.Build.0 = Debug|Any CPU
		{P6Q7R8S9-T0U1-2345-9012-678901234567}.Release|Any CPU.ActiveCfg = Release|Any CPU
		{P6Q7R8S9-T0U1-2345-9012-678901234567}.Release|Any CPU.Build.0 = Release|Any CPU
		{Q7R8S9T0-U1V2-3456-0123-789012345678}.Debug|Any CPU.ActiveCfg = Debug|Any CPU
		{Q7R8S9T0-U1V2-3456-0123-789012345678}.Debug|Any CPU.Build.0 = Debug|Any CPU
		{Q7R8S9T0-U1V2-3456-0123-789012345678}.Release|Any CPU.ActiveCfg = Release|Any CPU
		{Q7R8S9T0-U1V2-3456-0123-789012345678}.Release|Any CPU.Build.0 = Release|Any CPU
		{R8S9T0U1-V2W3-4567-1234-890123456789}.Debug|Any CPU.ActiveCfg = Debug|Any CPU
		{R8S9T0U1-V2W3-4567-1234-890123456789}.Debug|Any CPU.Build.0 = Debug|Any CPU
		{R8S9T0U1-V2W3-4567-1234-890123456789}.Release|Any CPU.ActiveCfg = Release|Any CPU
		{R8S9T0U1-V2W3-4567-1234-890123456789}.Release|Any CPU.Build.0 = Release|Any CPU
		{S9T0U1V2-W3X4-5678-2345-901234567890}.Debug|Any CPU.ActiveCfg = Debug|Any CPU
		{S9T0U1V2-W3X4-5678-2345-901234567890}.Debug|Any CPU.Build.0 = Debug|Any CPU
		{S9T0U1V2-W3X4-5678-2345-901234567890}.Release|Any CPU.ActiveCfg = Release|Any CPU
		{S9T0U1V2-W3X4-5678-2345-901234567890}.Release|Any CPU.Build.0 = Release|Any CPU
		{T0U1V2W3-X4Y5-6789-3456-012345678901}.Debug|Any CPU.ActiveCfg = Debug|Any CPU
		{T0U1V2W3-X4Y5-6789-3456-012345678901}.Debug|Any CPU.Build.0 = Debug|Any CPU
		{T0U1V2W3-X4Y5-6789-3456-012345678901}.Release|Any CPU.ActiveCfg = Release|Any CPU
		{T0U1V2W3-X4Y5-6789-3456-012345678901}.Release|Any CPU.Build.0 = Release|Any CPU
		{U1V2W3X4-Y5Z6-7890-4567-123456789012}.Debug|Any CPU.ActiveCfg = Debug|Any CPU
		{U1V2W3X4-Y5Z6-7890-4567-123456789012}.Debug|Any CPU.Build.0 = Debug|Any CPU
		{U1V2W3X4-Y5Z6-7890-4567-123456789012}.Release|Any CPU.ActiveCfg = Release|Any CPU
		{U1V2W3X4-Y5Z6-7890-4567-123456789012}.Release|Any CPU.Build.0 = Release|Any CPU
		{V2W3X4Y5-Z6A7-8901-5678-234567890123}.Debug|Any CPU.ActiveCfg = Debug|Any CPU
		{V2W3X4Y5-Z6A7-8901-5678-234567890123}.Debug|Any CPU.Build.0 = Debug|Any CPU
		{V2W3X4Y5-Z6A7-8901-5678-234567890123}.Release|Any CPU.ActiveCfg = Release|Any CPU
		{V2W3X4Y5-Z6A7-8901-5678-234567890123}.Release|Any CPU.Build.0 = Release|Any CPU
		{W3X4Y5Z6-A7B8-9012-6789-345678901234}.Debug|Any CPU.ActiveCfg = Debug|Any CPU
		{W3X4Y5Z6-A7B8-9012-6789-345678901234}.Debug|Any CPU.Build.0 = Debug|Any CPU
		{W3X4Y5Z6-A7B8-9012-6789-345678901234}.Release|Any CPU.ActiveCfg = Release|Any CPU
		{W3X4Y5Z6-A7B8-9012-6789-345678901234}.Release|Any CPU.Build.0 = Release|Any CPU
		{X4Y5Z6A7-B8C9-0123-7890-456789012345}.Debug|Any CPU.ActiveCfg = Debug|Any CPU
		{X4Y5Z6A7-B8C9-0123-7890-456789012345}.Debug|Any CPU.Build.0 = Debug|Any CPU
		{X4Y5Z6A7-B8C9-0123-7890-456789012345}.Release|Any CPU.ActiveCfg = Release|Any CPU
		{X4Y5Z6A7-B8C9-0123-7890-456789012345}.Release|Any CPU.Build.0 = Release|Any CPU
		{Y5Z6A7B8-C9D0-1234-8901-567890123456}.Debug|Any CPU.ActiveCfg = Debug|Any CPU
		{Y5Z6A7B8-C9D0-1234-8901-567890123456}.Debug|Any CPU.Build.0 = Debug|Any CPU
		{Y5Z6A7B8-C9D0-1234-8901-567890123456}.Release|Any CPU.ActiveCfg = Release|Any CPU
		{Y5Z6A7B8-C9D0-1234-8901-567890123456}.Release|Any CPU.Build.0 = Release|Any CPU
		{Z6A7B8C9-D0E1-2345-9012-678901234567}.Debug|Any CPU.ActiveCfg = Debug|Any CPU
		{Z6A7B8C9-D0E1-2345-9012-678901234567}.Debug|Any CPU.Build.0 = Debug|Any CPU
		{Z6A7B8C9-D0E1-2345-9012-678901234567}.Release|Any CPU.ActiveCfg = Release|Any CPU
		{Z6A7B8C9-D0E1-2345-9012-678901234567}.Release|Any CPU.Build.0 = Release|Any CPU
		{A7B8C9D0-E1F2-3456-0123-789012345678}.Debug|Any CPU.ActiveCfg = Debug|Any CPU
		{A7B8C9D0-E1F2-3456-0123-789012345678}.Debug|Any CPU.Build.0 = Debug|Any CPU
		{A7B8C9D0-E1F2-3456-0123-789012345678}.Release|Any CPU.ActiveCfg = Release|Any CPU
		{A7B8C9D0-E1F2-3456-0123-789012345678}.Release|Any CPU.Build.0 = Release|Any CPU
	EndGlobalSection
	GlobalSection(NestedProjects) = preSolution
		{A1B2C3D4-E5F6-7890-ABCD-123456789012} = {A1B2C3D4-E5F6-7890-ABCD-123456789012}
		{B2C3D4E5-F6G7-8901-BCDE-234567890123} = {A1B2C3D4-E5F6-7890-ABCD-123456789012}
		{C3D4E5F6-G7H8-9012-CDEF-345678901234} = {A1B2C3D4-E5F6-7890-ABCD-123456789012}
		{E5F6G7H8-I9J0-1234-EF01-567890123456} = {A1B2C3D4-E5F6-7890-ABCD-123456789012}
		{F6G7H8I9-J0K1-2345-F012-678901234567} = {A1B2C3D4-E5F6-7890-ABCD-123456789012}
		{G7H8I9J0-K1L2-3456-0123-789012345678} = {B2C3D4E5-F6G7-8901-BCDE-234567890123}
		{H8I9J0K1-L2M3-4567-1234-890123456789} = {B2C3D4E5-F6G7-8901-BCDE-234567890123}
		{I9J0K1L2-M3N4-5678-2345-901234567890} = {B2C3D4E5-F6G7-8901-BCDE-234567890123}
		{J0K1L2M3-N4O5-6789-3456-012345678901} = {B2C3D4E5-F6G7-8901-BCDE-234567890123}
		{K1L2M3N4-O5P6-7890-4567-123456789012} = {B2C3D4E5-F6G7-8901-BCDE-234567890123}
		{L2M3N4O5-P6Q7-8901-5678-234567890123} = {B2C3D4E5-F6G7-8901-BCDE-234567890123}
		{M3N4O5P6-Q7R8-9012-6789-345678901234} = {B2C3D4E5-F6G7-8901-BCDE-234567890123}
		{N4O5P6Q7-R8S9-0123-7890-456789012345} = {B2C3D4E5-F6G7-8901-BCDE-234567890123}
		{O5P6Q7R8-S9T0-1234-8901-567890123456} = {B2C3D4E5-F6G7-8901-BCDE-234567890123}
		{P6Q7R8S9-T0U1-2345-9012-678901234567} = {B2C3D4E5-F6G7-8901-BCDE-234567890123}
		{Q7R8S9T0-U1V2-3456-0123-789012345678} = {B2C3D4E5-F6G7-8901-BCDE-234567890123}
		{R8S9T0U1-V2W3-4567-1234-890123456789} = {B2C3D4E5-F6G7-8901-BCDE-234567890123}
		{S9T0U1V2-W3X4-5678-2345-901234567890} = {B2C3D4E5-F6G7-8901-BCDE-234567890123}
		{T0U1V2W3-X4Y5-6789-3456-012345678901} = {B2C3D4E5-F6G7-8901-BCDE-234567890123}
		{U1V2W3X4-Y5Z6-7890-4567-123456789012} = {B2C3D4E5-F6G7-8901-BCDE-234567890123}
		{V2W3X4Y5-Z6A7-8901-5678-234567890123} = {B2C3D4E5-F6G7-8901-BCDE-234567890123}
		{W3X4Y5Z6-A7B8-9012-6789-345678901234} = {B2C3D4E5-F6G7-8901-BCDE-234567890123}
		{X4Y5Z6A7-B8C9-0123-7890-456789012345} = {B2C3D4E5-F6G7-8901-BCDE-234567890123}
		{Y5Z6A7B8-C9D0-1234-8901-567890123456} = {C3D4E5F6-G7H8-9012-CDEF-345678901234}
		{Z6A7B8C9-D0E1-2345-9012-678901234567} = {C3D4E5F6-G7H8-9012-CDEF-345678901234}
		{A7B8C9D0-E1F2-3456-0123-789012345678} = {C3D4E5F6-G7H8-9012-CDEF-345678901234}
	EndGlobalSection
EndGlobal
